Microsoft Visual Studio Solution File, Format Version 8.00
Project("{F184B08F-C81C-45F6-A57F-5ABD9991F28F}") = "Unisim ControlApp", "Unisim ControlApp.vbproj", "{45E1DC7D-A473-47D8-8E1C-6665F8AF94B8}"
	ProjectSection(ProjectDependencies) = postProject
	EndProjectSection
EndProject
Global
	GlobalSection(SolutionConfiguration) = preSolution
		Debug = Debug
		Release = Release
	EndGlobalSection
	GlobalSection(ProjectConfiguration) = postSolution
		{45E1DC7D-A473-47D8-8E1C-6665F8AF94B8}.Debug.ActiveCfg = Debug|.NET
		{45E1DC7D-A473-47D8-8E1C-6665F8AF94B8}.Debug.Build.0 = Debug|.NET
		{45E1DC7D-A473-47D8-8E1C-6665F8AF94B8}.Release.ActiveCfg = Release|.NET
		{45E1DC7D-A473-47D8-8E1C-6665F8AF94B8}.Release.Build.0 = Release|.NET
	EndGlobalSection
	GlobalSection(ExtensibilityGlobals) = postSolution
	EndGlobalSection
	GlobalSection(ExtensibilityAddIns) = postSolution
	EndGlobalSection
EndGlobal
